# This file is automatically @generated by Cargo.
# It is not intended for manual editing.
version = 4

[[package]]
name = "tangled-ca-core"
version = "0.1.0"
dependencies = [
 "tangled-ca-database",
 "tangled-ca-handler",
]

[[package]]
name = "tangled-ca-database"
version = "0.1.0"
dependencies = [
 "tangled-ca-repositry",
]

[[package]]
name = "tangled-ca-handler"
version = "0.1.0"

[[package]]
name = "tangled-ca-interactor"
version = "0.1.0"
dependencies = [
 "tangled-ca-core",
 "tangled-ca-database",
 "tangled-ca-handler",
 "tangled-ca-repositry",
]

[[package]]
name = "tangled-ca-repositry"
version = "0.1.0"
