# This file is automatically @generated by Cargo.
# It is not intended for manual editing.
version = 4

[[package]]
name = "ca-core"
version = "0.1.0"

[[package]]
name = "database"
version = "0.1.0"

[[package]]
name = "handler"
version = "0.1.0"

[[package]]
name = "interactor"
version = "0.1.0"

[[package]]
name = "repositry"
version = "0.1.0"
